
Microsoft Visual Studio Solution File, Format Version 12.00
# Visual Studio 15
VisualStudioVersion = 15.0.28307.421
MinimumVisualStudioVersion = 10.0.40219.1
Project("{FAE04EC0-301F-11D3-BF4B-00C04F79EFBC}") = "GUI_WinForm", "GUI_WinForm\GUI_WinForm.csproj", "{7BA9443D-B2D7-4DF5-9C6D-802DD2B3BCB7}"
EndProject
Project("{FAE04EC0-301F-11D3-BF4B-00C04F79EFBC}") = "BLL", "BLL\BLL.csproj", "{E25BAF67-46C4-4016-9B82-29FA28AED023}"
EndProject
Project("{FAE04EC0-301F-11D3-BF4B-00C04F79EFBC}") = "DAL", "DAL\DAL.csproj", "{87E5767A-3283-4798-81D0-10F2F9B429FB}"
EndProject
Project("{FAE04EC0-301F-11D3-BF4B-00C04F79EFBC}") = "Web_MVC", "GUI_WebMVC\Web_MVC.csproj", "{12F052C4-D32C-479E-9999-8DF0E3F592CE}"
EndProject
Project("{FAE04EC0-301F-11D3-BF4B-00C04F79EFBC}") = "WebMVC", "WebMVC\WebMVC.csproj", "{2A071673-DCE5-43A4-81A7-9201B8882422}"
EndProject
Global
	GlobalSection(SolutionConfigurationPlatforms) = preSolution
		Debug|Any CPU = Debug|Any CPU
		Release|Any CPU = Release|Any CPU
	EndGlobalSection
	GlobalSection(ProjectConfigurationPlatforms) = postSolution
		{7BA9443D-B2D7-4DF5-9C6D-802DD2B3BCB7}.Debug|Any CPU.ActiveCfg = Debug|Any CPU
		{7BA9443D-B2D7-4DF5-9C6D-802DD2B3BCB7}.Debug|Any CPU.Build.0 = Debug|Any CPU
		{7BA9443D-B2D7-4DF5-9C6D-802DD2B3BCB7}.Release|Any CPU.ActiveCfg = Release|Any CPU
		{7BA9443D-B2D7-4DF5-9C6D-802DD2B3BCB7}.Release|Any CPU.Build.0 = Release|Any CPU
		{E25BAF67-46C4-4016-9B82-29FA28AED023}.Debug|Any CPU.ActiveCfg = Debug|Any CPU
		{E25BAF67-46C4-4016-9B82-29FA28AED023}.Debug|Any CPU.Build.0 = Debug|Any CPU
		{E25BAF67-46C4-4016-9B82-29FA28AED023}.Release|Any CPU.ActiveCfg = Release|Any CPU
		{E25BAF67-46C4-4016-9B82-29FA28AED023}.Release|Any CPU.Build.0 = Release|Any CPU
		{87E5767A-3283-4798-81D0-10F2F9B429FB}.Debug|Any CPU.ActiveCfg = Debug|Any CPU
		{87E5767A-3283-4798-81D0-10F2F9B429FB}.Debug|Any CPU.Build.0 = Debug|Any CPU
		{87E5767A-3283-4798-81D0-10F2F9B429FB}.Release|Any CPU.ActiveCfg = Release|Any CPU
		{87E5767A-3283-4798-81D0-10F2F9B429FB}.Release|Any CPU.Build.0 = Release|Any CPU
		{12F052C4-D32C-479E-9999-8DF0E3F592CE}.Debug|Any CPU.ActiveCfg = Debug|Any CPU
		{12F052C4-D32C-479E-9999-8DF0E3F592CE}.Debug|Any CPU.Build.0 = Debug|Any CPU
		{12F052C4-D32C-479E-9999-8DF0E3F592CE}.Release|Any CPU.ActiveCfg = Release|Any CPU
		{12F052C4-D32C-479E-9999-8DF0E3F592CE}.Release|Any CPU.Build.0 = Release|Any CPU
		{2A071673-DCE5-43A4-81A7-9201B8882422}.Debug|Any CPU.ActiveCfg = Debug|Any CPU
		{2A071673-DCE5-43A4-81A7-9201B8882422}.Debug|Any CPU.Build.0 = Debug|Any CPU
		{2A071673-DCE5-43A4-81A7-9201B8882422}.Release|Any CPU.ActiveCfg = Release|Any CPU
		{2A071673-DCE5-43A4-81A7-9201B8882422}.Release|Any CPU.Build.0 = Release|Any CPU
	EndGlobalSection
	GlobalSection(SolutionProperties) = preSolution
		HideSolutionNode = FALSE
	EndGlobalSection
	GlobalSection(ExtensibilityGlobals) = postSolution
		SolutionGuid = {372C9AC0-A4FF-43B0-963C-9C09932EBE03}
	EndGlobalSection
EndGlobal
